
Microsoft Visual Studio Solution File, Format Version 12.00
# Visual Studio Version 17
VisualStudioVersion = 17.3.32901.215
MinimumVisualStudioVersion = 10.0.40219.1
Project("{9A19103F-16F7-4668-BE54-9A1E7A4F7556}") = "RPGMakerDecrypter.Decrypter", "RPGMakerDecrypter.Decrypter\RPGMakerDecrypter.Decrypter.csproj", "{BAEEE442-1888-4340-94BE-FE743C696AE1}"
EndProject
Project("{9A19103F-16F7-4668-BE54-9A1E7A4F7556}") = "RPGMakerDecrypter.Tests", "RPGMakerDecrypter.Tests\RPGMakerDecrypter.Tests.csproj", "{CDFB3E01-DE4D-4FC2-8369-21D9F70595C2}"
EndProject
Project("{9A19103F-16F7-4668-BE54-9A1E7A4F7556}") = "RPGMakerDecrypter.Cli", "RPGMakerDecrypter.Cli\RPGMakerDecrypter.Cli.csproj", "{D03BC34B-EEB1-4A26-B4FB-190CE153E06A}"
EndProject
Project("{9A19103F-16F7-4668-BE54-9A1E7A4F7556}") = "RPGMakerDecrypter.Gui", "RPGMakerDecrypter.Gui\RPGMakerDecrypter.Gui.csproj", "{3BAA8C8A-0AF9-483B-9581-BCE2BFD44262}"
EndProject
Project("{2150E333-8FDC-42A3-9474-1A3956D46DE8}") = "Resources", "Resources", "{48D60675-A06B-4683-99A2-F44188D93693}"
	ProjectSection(SolutionItems) = preProject
		Resources\icon_256x256.pdn = Resources\icon_256x256.pdn
	EndProjectSection
EndProject
Project("{2150E333-8FDC-42A3-9474-1A3956D46DE8}") = "Deploy", "Deploy", "{8682D407-DB4A-4955-970C-3464D694E3CC}"
	ProjectSection(SolutionItems) = preProject
		Deploy\7za-license.txt = Deploy\7za-license.txt
		Deploy\7za.exe = Deploy\7za.exe
		Deploy\deploy.bat = Deploy\deploy.bat
	EndProjectSection
EndProject
Project("{FAE04EC0-301F-11D3-BF4B-00C04F79EFBC}") = "RPGMakerDecrypter.Common", "RPGMakerDecrypter.Common\RPGMakerDecrypter.Common.csproj", "{41DB3BF6-A576-4D78-8E77-89A906C9A49A}"
EndProject
Global
	GlobalSection(SolutionConfigurationPlatforms) = preSolution
		Debug|Any CPU = Debug|Any CPU
		Release|Any CPU = Release|Any CPU
	EndGlobalSection
	GlobalSection(ProjectConfigurationPlatforms) = postSolution
		{BAEEE442-1888-4340-94BE-FE743C696AE1}.Debug|Any CPU.ActiveCfg = Debug|Any CPU
		{BAEEE442-1888-4340-94BE-FE743C696AE1}.Debug|Any CPU.Build.0 = Debug|Any CPU
		{BAEEE442-1888-4340-94BE-FE743C696AE1}.Release|Any CPU.ActiveCfg = Release|Any CPU
		{BAEEE442-1888-4340-94BE-FE743C696AE1}.Release|Any CPU.Build.0 = Release|Any CPU
		{CDFB3E01-DE4D-4FC2-8369-21D9F70595C2}.Debug|Any CPU.ActiveCfg = Debug|Any CPU
		{CDFB3E01-DE4D-4FC2-8369-21D9F70595C2}.Debug|Any CPU.Build.0 = Debug|Any CPU
		{CDFB3E01-DE4D-4FC2-8369-21D9F70595C2}.Release|Any CPU.ActiveCfg = Release|Any CPU
		{CDFB3E01-DE4D-4FC2-8369-21D9F70595C2}.Release|Any CPU.Build.0 = Release|Any CPU
		{D03BC34B-EEB1-4A26-B4FB-190CE153E06A}.Debug|Any CPU.ActiveCfg = Debug|Any CPU
		{D03BC34B-EEB1-4A26-B4FB-190CE153E06A}.Debug|Any CPU.Build.0 = Debug|Any CPU
		{D03BC34B-EEB1-4A26-B4FB-190CE153E06A}.Release|Any CPU.ActiveCfg = Release|Any CPU
		{D03BC34B-EEB1-4A26-B4FB-190CE153E06A}.Release|Any CPU.Build.0 = Release|Any CPU
		{3BAA8C8A-0AF9-483B-9581-BCE2BFD44262}.Debug|Any CPU.ActiveCfg = Debug|Any CPU
		{3BAA8C8A-0AF9-483B-9581-BCE2BFD44262}.Debug|Any CPU.Build.0 = Debug|Any CPU
		{3BAA8C8A-0AF9-483B-9581-BCE2BFD44262}.Release|Any CPU.ActiveCfg = Release|Any CPU
		{3BAA8C8A-0AF9-483B-9581-BCE2BFD44262}.Release|Any CPU.Build.0 = Release|Any CPU
		{41DB3BF6-A576-4D78-8E77-89A906C9A49A}.Debug|Any CPU.ActiveCfg = Debug|Any CPU
		{41DB3BF6-A576-4D78-8E77-89A906C9A49A}.Debug|Any CPU.Build.0 = Debug|Any CPU
		{41DB3BF6-A576-4D78-8E77-89A906C9A49A}.Release|Any CPU.ActiveCfg = Release|Any CPU
		{41DB3BF6-A576-4D78-8E77-89A906C9A49A}.Release|Any CPU.Build.0 = Release|Any CPU
	EndGlobalSection
	GlobalSection(SolutionProperties) = preSolution
		HideSolutionNode = FALSE
	EndGlobalSection
	GlobalSection(ExtensibilityGlobals) = postSolution
		SolutionGuid = {2B50EE10-517D-4BAE-A617-97CAD2922589}
	EndGlobalSection
EndGlobal
